
Microsoft Visual Studio Solution File, Format Version 12.00
# Visual Studio Version 17
VisualStudioVersion = 17.5.002.0
MinimumVisualStudioVersion = 10.0.40219.1
Project("{9A19103F-16F7-4668-BE54-9A1E7A4F7556}") = "2d6-dungeon-client", "client\2d6-dungeon-client.csproj", "{7226AD85-BB8C-4AE6-A0CC-9CAB1B5CF7F6}"
EndProject
Project("{FAE04EC0-301F-11D3-BF4B-00C04F79EFBC}") = "2d6-dungeon-service", "2d6-dungeon-service\2d6-dungeon-service.csproj", "{10BACCDD-0599-4B30-8B10-410A73EF5E29}"
EndProject
Global
	GlobalSection(SolutionConfigurationPlatforms) = preSolution
		Debug|Any CPU = Debug|Any CPU
		Release|Any CPU = Release|Any CPU
	EndGlobalSection
	GlobalSection(ProjectConfigurationPlatforms) = postSolution
		{7226AD85-BB8C-4AE6-A0CC-9CAB1B5CF7F6}.Debug|Any CPU.ActiveCfg = Debug|Any CPU
		{7226AD85-BB8C-4AE6-A0CC-9CAB1B5CF7F6}.Debug|Any CPU.Build.0 = Debug|Any CPU
		{7226AD85-BB8C-4AE6-A0CC-9CAB1B5CF7F6}.Release|Any CPU.ActiveCfg = Release|Any CPU
		{7226AD85-BB8C-4AE6-A0CC-9CAB1B5CF7F6}.Release|Any CPU.Build.0 = Release|Any CPU
		{10BACCDD-0599-4B30-8B10-410A73EF5E29}.Debug|Any CPU.ActiveCfg = Debug|Any CPU
		{10BACCDD-0599-4B30-8B10-410A73EF5E29}.Debug|Any CPU.Build.0 = Debug|Any CPU
		{10BACCDD-0599-4B30-8B10-410A73EF5E29}.Release|Any CPU.ActiveCfg = Release|Any CPU
		{10BACCDD-0599-4B30-8B10-410A73EF5E29}.Release|Any CPU.Build.0 = Release|Any CPU
	EndGlobalSection
	GlobalSection(SolutionProperties) = preSolution
		HideSolutionNode = FALSE
	EndGlobalSection
	GlobalSection(ExtensibilityGlobals) = postSolution
		SolutionGuid = {9F45FF2F-2BE6-445D-A3AC-87FEFEEA2AFD}
	EndGlobalSection
EndGlobal
